
Microsoft Visual Studio Solution File, Format Version 12.00
# Visual Studio Version 16
VisualStudioVersion = 16.0.30804.86
MinimumVisualStudioVersion = 10.0.40219.1
Project("{FAE04EC0-301F-11D3-BF4B-00C04F79EFBC}") = "Direnc_Renk_Kodları", "Direnc_Renk_Kodları\Direnc_Renk_Kodları.csproj", "{CE616B95-4F81-4F7D-A174-C87B0BE147A7}"
EndProject
Global
	GlobalSection(SolutionConfigurationPlatforms) = preSolution
		Debug|Any CPU = Debug|Any CPU
		Release|Any CPU = Release|Any CPU
	EndGlobalSection
	GlobalSection(ProjectConfigurationPlatforms) = postSolution
		{CE616B95-4F81-4F7D-A174-C87B0BE147A7}.Debug|Any CPU.ActiveCfg = Debug|Any CPU
		{CE616B95-4F81-4F7D-A174-C87B0BE147A7}.Debug|Any CPU.Build.0 = Debug|Any CPU
		{CE616B95-4F81-4F7D-A174-C87B0BE147A7}.Release|Any CPU.ActiveCfg = Release|Any CPU
		{CE616B95-4F81-4F7D-A174-C87B0BE147A7}.Release|Any CPU.Build.0 = Release|Any CPU
	EndGlobalSection
	GlobalSection(SolutionProperties) = preSolution
		HideSolutionNode = FALSE
	EndGlobalSection
	GlobalSection(ExtensibilityGlobals) = postSolution
		SolutionGuid = {A684AA12-D4AC-4D4B-A0CC-B678DF79C3A3}
	EndGlobalSection
EndGlobal
